
Microsoft Visual Studio Solution File, Format Version 12.00
# Visual Studio Version 17
VisualStudioVersion = 17.11.35312.102
MinimumVisualStudioVersion = 10.0.40219.1
Project("{FAE04EC0-301F-11D3-BF4B-00C04F79EFBC}") = "Balci_Neuronale_Netze_Woche_1", "Balci_Neuronale_Netze_Woche_1\Balci_Neuronale_Netze_Woche_1.csproj", "{5B109355-8A2E-4164-ADD4-1FBC7B394C3D}"
EndProject
Global
	GlobalSection(SolutionConfigurationPlatforms) = preSolution
		Debug|Any CPU = Debug|Any CPU
		Release|Any CPU = Release|Any CPU
	EndGlobalSection
	GlobalSection(ProjectConfigurationPlatforms) = postSolution
		{5B109355-8A2E-4164-ADD4-1FBC7B394C3D}.Debug|Any CPU.ActiveCfg = Debug|Any CPU
		{5B109355-8A2E-4164-ADD4-1FBC7B394C3D}.Debug|Any CPU.Build.0 = Debug|Any CPU
		{5B109355-8A2E-4164-ADD4-1FBC7B394C3D}.Release|Any CPU.ActiveCfg = Release|Any CPU
		{5B109355-8A2E-4164-ADD4-1FBC7B394C3D}.Release|Any CPU.Build.0 = Release|Any CPU
	EndGlobalSection
	GlobalSection(SolutionProperties) = preSolution
		HideSolutionNode = FALSE
	EndGlobalSection
	GlobalSection(ExtensibilityGlobals) = postSolution
		SolutionGuid = {66CFCCCE-94F5-47D5-99C1-F78E65DB4FF9}
	EndGlobalSection
EndGlobal
